// !$*UTF8*$!
{
	archiveVersion = 1;
	classes = {
	};
	objectVersion = 46;
	objects = {

/* Begin PBXBuildFile section */
		FE8C616A1C45AEAC0089082B /* main.m in Sources */ = {isa = PBXBuildFile; fileRef = FE8C61691C45AEAC0089082B /* main.m */; };
		FE8C616D1C45AEAC0089082B /* AppDelegate.m in Sources */ = {isa = PBXBuildFile; fileRef = FE8C616C1C45AEAC0089082B /* AppDelegate.m */; };
		FE8C61701C45AEAC0089082B /* ViewController.m in Sources */ = {isa = PBXBuildFile; fileRef = FE8C616F1C45AEAC0089082B /* ViewController.m */; };
		FE8C61731C45AEAC0089082B /* Main.storyboard in Resources */ = {isa = PBXBuildFile; fileRef = FE8C61711C45AEAC0089082B /* Main.storyboard */; };
		FE8C61751C45AEAC0089082B /* Assets.xcassets in Resources */ = {isa = PBXBuildFile; fileRef = FE8C61741C45AEAC0089082B /* Assets.xcassets */; };
		FE8C61781C45AEAC0089082B /* LaunchScreen.storyboard in Resources */ = {isa = PBXBuildFile; fileRef = FE8C61761C45AEAC0089082B /* LaunchScreen.storyboard */; };
/* End PBXBuildFile section */

/* Begin PBXFileReference section */
		FE8C61651C45AEAC0089082B /* MySafari.app */ = {isa = PBXFileReference; explicitFileType = wrapper.application; includeInIndex = 0; path = MySafari.app; sourceTree = BUILT_PRODUCTS_DIR; };
		FE8C61691C45AEAC0089082B /* main.m */ = {isa = PBXFileReference; lastKnownFileType = sourcecode.c.objc; path = main.m; sourceTree = "<group>"; };
		FE8C616B1C45AEAC0089082B /* AppDelegate.h */ = {isa = PBXFileReference; lastKnownFileType = sourcecode.c.h; path = AppDelegate.h; sourceTree = "<group>"; };
		FE8C616C1C45AEAC0089082B /* AppDelegate.m */ = {isa = PBXFileReference; lastKnownFileType = sourcecode.c.objc; path = AppDelegate.m; sourceTree = "<group>"; };
		FE8C616E1C45AEAC0089082B /* ViewController.h */ = {isa = PBXFileReference; lastKnownFileType = sourcecode.c.h; path = ViewController.h; sourceTree = "<group>"; };
		FE8C616F1C45AEAC0089082B /* ViewController.m */ = {isa = PBXFileReference; lastKnownFileType = sourcecode.c.objc; path = ViewController.m; sourceTree = "<group>"; };
		FE8C61721C45AEAC0089082B /* Base */ = {isa = PBXFileReference; lastKnownFileType = file.storyboard; name = Base; path = Base.lproj/Main.storyboard; sourceTree = "<group>"; };
		FE8C61741C45AEAC0089082B /* Assets.xcassets */ = {isa = PBXFileReference; lastKnownFileType = folder.assetcatalog; path = Assets.xcassets; sourceTree = "<group>"; };
		FE8C61771C45AEAC0089082B /* Base */ = {isa = PBXFileReference; lastKnownFileType = file.storyboard; name = Base; path = Base.lproj/LaunchScreen.storyboard; sourceTree = "<group>"; };
		FE8C61791C45AEAD0089082B /* Info.plist */ = {isa = PBXFileReference; lastKnownFileType = text.plist.xml; path = Info.plist; sourceTree = "<group>"; };
/* End PBXFileReference section */

/* Begin PBXFrameworksBuildPhase section */
		FE8C61621C45AEAC0089082B /* Frameworks */ = {
			isa = PBXFrameworksBuildPhase;
			buildActionMask = 2147483647;
			files = (
			);
			runOnlyForDeploymentPostprocessing = 0;
		};
/* End PBXFrameworksBuildPhase section */

/* Begin PBXGroup section */
		FE8C615C1C45AEAC0089082B = {
			isa = PBXGroup;
			children = (
				FE8C61671C45AEAC0089082B /* MySafari */,
				FE8C61661C45AEAC0089082B /* Products */,
			);
			sourceTree = "<group>";
		};
		FE8C61661C45AEAC0089082B /* Products */ = {
			isa = PBXGroup;
			children = (
				FE8C61651C45AEAC0089082B /* MySafari.app */,
			);
			name = Products;
			sourceTree = "<group>";
		};
		FE8C61671C45AEAC0089082B /* MySafari */ = {
			isa = PBXGroup;
			children = (
				FE8C616B1C45AEAC0089082B /* AppDelegate.h */,
				FE8C616C1C45AEAC0089082B /* AppDelegate.m */,
				FE8C616E1C45AEAC0089082B /* ViewController.h */,
				FE8C616F1C45AEAC0089082B /* ViewController.m */,
				FE8C61711C45AEAC0089082B /* Main.storyboard */,
				FE8C61741C45AEAC0089082B /* Assets.xcassets */,
				FE8C61761C45AEAC0089082B /* LaunchScreen.storyboard */,
				FE8C61791C45AEAD0089082B /* Info.plist */,
				FE8C61681C45AEAC0089082B /* Supporting Files */,
			);
			path = MySafari;
			sourceTree = "<group>";
		};
		FE8C61681C45AEAC0089082B /* Supporting Files */ = {
			isa = PBXGroup;
			children = (
				FE8C61691C45AEAC0089082B /* main.m */,
			);
			name = "Supporting Files";
			sourceTree = "<group>";
		};
/* End PBXGroup section */

/* Begin PBXNativeTarget section */
		FE8C61641C45AEAC0089082B /* MySafari */ = {
			isa = PBXNativeTarget;
			buildConfigurationList = FE8C617C1C45AEAD0089082B /* Build configuration list for PBXNativeTarget "MySafari" */;
			buildPhases = (
				FE8C61611C45AEAC0089082B /* Sources */,
				FE8C61621C45AEAC0089082B /* Frameworks */,
				FE8C61631C45AEAC0089082B /* Resources */,
			);
			buildRules = (
			);
			dependencies = (
			);
			name = MySafari;
			productName = MySafari;
			productReference = FE8C61651C45AEAC0089082B /* MySafari.app */;
			productType = "com.apple.product-type.application";
		};
/* End PBXNativeTarget section */

/* Begin PBXProject section */
		FE8C615D1C45AEAC0089082B /* Project object */ = {
			isa = PBXProject;
			attributes = {
				LastUpgradeCheck = 0720;
				ORGANIZATIONNAME = "Michael Saltzman";
				TargetAttributes = {
					FE8C61641C45AEAC0089082B = {
						CreatedOnToolsVersion = 7.2;
					};
				};
			};
			buildConfigurationList = FE8C61601C45AEAC0089082B /* Build configuration list for PBXProject "MySafari" */;
			compatibilityVersion = "Xcode 3.2";
			developmentRegion = English;
			hasScannedForEncodings = 0;
			knownRegions = (
				en,
				Base,
			);
			mainGroup = FE8C615C1C45AEAC0089082B;
			productRefGroup = FE8C61661C45AEAC0089082B /* Products */;
			projectDirPath = "";
			projectRoot = "";
			targets = (
				FE8C61641C45AEAC0089082B /* MySafari */,
			);
		};
/* End PBXProject section */

/* Begin PBXResourcesBuildPhase section */
		FE8C61631C45AEAC0089082B /* Resources */ = {
			isa = PBXResourcesBuildPhase;
			buildActionMask = 2147483647;
			files = (
				FE8C61781C45AEAC0089082B /* LaunchScreen.storyboard in Resources */,
				FE8C61751C45AEAC0089082B /* Assets.xcassets in Resources */,
				FE8C61731C45AEAC0089082B /* Main.storyboard in Resources */,
			);
			runOnlyForDeploymentPostprocessing = 0;
		};
/* End PBXResourcesBuildPhase section */

/* Begin PBXSourcesBuildPhase section */
		FE8C61611C45AEAC0089082B /* Sources */ = {
			isa = PBXSourcesBuildPhase;
			buildActionMask = 2147483647;
			files = (
				FE8C61701C45AEAC0089082B /* ViewController.m in Sources */,
				FE8C616D1C45AEAC0089082B /* AppDelegate.m in Sources */,
				FE8C616A1C45AEAC0089082B /* main.m in Sources */,
			);
			runOnlyForDeploymentPostprocessing = 0;
		};
/* End PBXSourcesBuildPhase section */

/* Begin PBXVariantGroup section */
		FE8C61711C45AEAC0089082B /* Main.storyboard */ = {
			isa = PBXVariantGroup;
			children = (
				FE8C61721C45AEAC0089082B /* Base */,
			);
			name = Main.storyboard;
			sourceTree = "<group>";
		};
		FE8C61761C45AEAC0089082B /* LaunchScreen.storyboard */ = {
			isa = PBXVariantGroup;
			children = (
				FE8C61771C45AEAC0089082B /* Base */,
			);
			name = LaunchScreen.storyboard;
			sourceTree = "<group>";
		};
/* End PBXVariantGroup section */

/* Begin XCBuildConfiguration section */
		FE8C617A1C45AEAD0089082B /* Debug */ = {
			isa = XCBuildConfiguration;
			buildSettings = {
				ALWAYS_SEARCH_USER_PATHS = NO;
				CLANG_CXX_LANGUAGE_STANDARD = "gnu++0x";
				CLANG_CXX_LIBRARY = "libc++";
				CLANG_ENABLE_MODULES = YES;
				CLANG_ENABLE_OBJC_ARC = YES;
				CLANG_WARN_BOOL_CONVERSION = YES;
				CLANG_WARN_CONSTANT_CONVERSION = YES;
				CLANG_WARN_DIRECT_OBJC_ISA_USAGE = YES_ERROR;
				CLANG_WARN_EMPTY_BODY = YES;
				CLANG_WARN_ENUM_CONVERSION = YES;
				CLANG_WARN_INT_CONVERSION = YES;
				CLANG_WARN_OBJC_ROOT_CLASS = YES_ERROR;
				CLANG_WARN_UNREACHABLE_CODE = YES;
				CLANG_WARN__DUPLICATE_METHOD_MATCH = YES;
				"CODE_SIGN_IDENTITY[sdk=iphoneos*]" = "iPhone Developer";
				COPY_PHASE_STRIP = NO;
				DEBUG_INFORMATION_FORMAT = dwarf;
				ENABLE_STRICT_OBJC_MSGSEND = YES;
				ENABLE_TESTABILITY = YES;
				GCC_C_LANGUAGE_STANDARD = gnu99;
				GCC_DYNAMIC_NO_PIC = NO;
				GCC_NO_COMMON_BLOCKS = YES;
				GCC_OPTIMIZATION_LEVEL = 0;
				GCC_PREPROCESSOR_DEFINITIONS = (
					"DEBUG=1",
					"$(inherited)",
				);
				GCC_WARN_64_TO_32_BIT_CONVERSION = YES;
				GCC_WARN_ABOUT_RETURN_TYPE = YES_ERROR;
				GCC_WARN_UNDECLARED_SELECTOR = YES;
				GCC_WARN_UNINITIALIZED_AUTOS = YES_AGGRESSIVE;
				GCC_WARN_UNUSED_FUNCTION = YES;
				GCC_WARN_UNUSED_VARIABLE = YES;
				IPHONEOS_DEPLOYMENT_TARGET = 9.2;
				MTL_ENABLE_DEBUG_INFO = YES;
				ONLY_ACTIVE_ARCH = YES;
				SDKROOT = iphoneos;
				TARGETED_DEVICE_FAMILY = "1,2";
			};
			name = Debug;
		};
		FE8C617B1C45AEAD0089082B /* Release */ = {
			isa = XCBuildConfiguration;
			buildSettings = {
				ALWAYS_SEARCH_USER_PATHS = NO;
				CLANG_CXX_LANGUAGE_STANDARD = "gnu++0x";
				CLANG_CXX_LIBRARY = "libc++";
				CLANG_ENABLE_MODULES = YES;
				CLANG_ENABLE_OBJC_ARC = YES;
				CLANG_WARN_BOOL_CONVERSION = YES;
				CLANG_WARN_CONSTANT_CONVERSION = YES;
				CLANG_WARN_DIRECT_OBJC_ISA_USAGE = YES_ERROR;
				CLANG_WARN_EMPTY_BODY = YES;
				CLANG_WARN_ENUM_CONVERSION = YES;
				CLANG_WARN_INT_CONVERSION = YES;
				CLANG_WARN_OBJC_ROOT_CLASS = YES_ERROR;
				CLANG_WARN_UNREACHABLE_CODE = YES;
				CLANG_WARN__DUPLICATE_METHOD_MATCH = YES;
				"CODE_SIGN_IDENTITY[sdk=iphoneos*]" = "iPhone Developer";
				COPY_PHASE_STRIP = NO;
				DEBUG_INFORMATION_FORMAT = "dwarf-with-dsym";
				ENABLE_NS_ASSERTIONS = NO;
				ENABLE_STRICT_OBJC_MSGSEND = YES;
				GCC_C_LANGUAGE_STANDARD = gnu99;
				GCC_NO_COMMON_BLOCKS = YES;
				GCC_WARN_64_TO_32_BIT_CONVERSION = YES;
				GCC_WARN_ABOUT_RETURN_TYPE = YES_ERROR;
				GCC_WARN_UNDECLARED_SELECTOR = YES;
				GCC_WARN_UNINITIALIZED_AUTOS = YES_AGGRESSIVE;
				GCC_WARN_UNUSED_FUNCTION = YES;
				GCC_WARN_UNUSED_VARIABLE = YES;
				IPHONEOS_DEPLOYMENT_TARGET = 9.2;
				MTL_ENABLE_DEBUG_INFO = NO;
				SDKROOT = iphoneos;
				TARGETED_DEVICE_FAMILY = "1,2";
				VALIDATE_PRODUCT = YES;
			};
			name = Release;
		};
		FE8C617D1C45AEAD0089082B /* Debug */ = {
			isa = XCBuildConfiguration;
			buildSettings = {
				ASSETCATALOG_COMPILER_APPICON_NAME = AppIcon;
				INFOPLIST_FILE = MySafari/Info.plist;
				LD_RUNPATH_SEARCH_PATHS = "$(inherited) @executable_path/Frameworks";
				PRODUCT_BUNDLE_IDENTIFIER = MobileMakers.MySafari;
				PRODUCT_NAME = "$(TARGET_NAME)";
			};
			name = Debug;
		};
		FE8C617E1C45AEAD0089082B /* Release */ = {
			isa = XCBuildConfiguration;
			buildSettings = {
				ASSETCATALOG_COMPILER_APPICON_NAME = AppIcon;
				INFOPLIST_FILE = MySafari/Info.plist;
				LD_RUNPATH_SEARCH_PATHS = "$(inherited) @executable_path/Frameworks";
				PRODUCT_BUNDLE_IDENTIFIER = MobileMakers.MySafari;
				PRODUCT_NAME = "$(TARGET_NAME)";
			};
			name = Release;
		};
/* End XCBuildConfiguration section */

/* Begin XCConfigurationList section */
		FE8C61601C45AEAC0089082B /* Build configuration list for PBXProject "MySafari" */ = {
			isa = XCConfigurationList;
			buildConfigurations = (
				FE8C617A1C45AEAD0089082B /* Debug */,
				FE8C617B1C45AEAD0089082B /* Release */,
			);
			defaultConfigurationIsVisible = 0;
			defaultConfigurationName = Release;
		};
		FE8C617C1C45AEAD0089082B /* Build configuration list for PBXNativeTarget "MySafari" */ = {
			isa = XCConfigurationList;
			buildConfigurations = (
				FE8C617D1C45AEAD0089082B /* Debug */,
				FE8C617E1C45AEAD0089082B /* Release */,
			);
			defaultConfigurationIsVisible = 0;
		};
/* End XCConfigurationList section */
	};
	rootObject = FE8C615D1C45AEAC0089082B /* Project object */;
}
